
Microsoft Visual Studio Solution File, Format Version 12.00
# Visual Studio Version 17
VisualStudioVersion = 17.5.002.0
MinimumVisualStudioVersion = 10.0.40219.1
Project("{9A19103F-16F7-4668-BE54-9A1E7A4F7556}") = "Mesharsky_TeamBalance", "Mesharsky_TeamBalance.csproj", "{2DE4F2A7-3AC4-421B-B383-A462F42350DC}"
EndProject
Global
	GlobalSection(SolutionConfigurationPlatforms) = preSolution
		Debug|Any CPU = Debug|Any CPU
		Release|Any CPU = Release|Any CPU
	EndGlobalSection
	GlobalSection(ProjectConfigurationPlatforms) = postSolution
		{2DE4F2A7-3AC4-421B-B383-A462F42350DC}.Debug|Any CPU.ActiveCfg = Debug|Any CPU
		{2DE4F2A7-3AC4-421B-B383-A462F42350DC}.Debug|Any CPU.Build.0 = Debug|Any CPU
		{2DE4F2A7-3AC4-421B-B383-A462F42350DC}.Release|Any CPU.ActiveCfg = Release|Any CPU
		{2DE4F2A7-3AC4-421B-B383-A462F42350DC}.Release|Any CPU.Build.0 = Release|Any CPU
	EndGlobalSection
	GlobalSection(SolutionProperties) = preSolution
		HideSolutionNode = FALSE
	EndGlobalSection
	GlobalSection(ExtensibilityGlobals) = postSolution
		SolutionGuid = {113A25E3-5C25-4BBC-8375-68ABB2169B1F}
	EndGlobalSection
EndGlobal
