Microsoft Visual Studio Solution File, Format Version 12.00
# Visual Studio Version 17
VisualStudioVersion = 17.5.2.0
MinimumVisualStudioVersion = 10.0.40219.1
Project("{FAE04EC0-301F-11D3-BF4B-00C04F79EFBC}") = "Mesharsky_AdvancedTeamBalance", "Mesharsky_AdvancedTeamBalance.csproj", "{6AEEAA98-6A18-ADCA-FB06-7DE5D10C9235}"
EndProject
Global
	GlobalSection(SolutionConfigurationPlatforms) = preSolution
		Debug|Any CPU = Debug|Any CPU
		Release|Any CPU = Release|Any CPU
	EndGlobalSection
	GlobalSection(ProjectConfigurationPlatforms) = postSolution
		{6AEEAA98-6A18-ADCA-FB06-7DE5D10C9235}.Debug|Any CPU.ActiveCfg = Debug|Any CPU
		{6AEEAA98-6A18-ADCA-FB06-7DE5D10C9235}.Debug|Any CPU.Build.0 = Debug|Any CPU
		{6AEEAA98-6A18-ADCA-FB06-7DE5D10C9235}.Release|Any CPU.ActiveCfg = Release|Any CPU
		{6AEEAA98-6A18-ADCA-FB06-7DE5D10C9235}.Release|Any CPU.Build.0 = Release|Any CPU
	EndGlobalSection
	GlobalSection(SolutionProperties) = preSolution
		HideSolutionNode = FALSE
	EndGlobalSection
	GlobalSection(ExtensibilityGlobals) = postSolution
		SolutionGuid = {B076A31C-30D9-4C6B-84B1-D54DCEBB9077}
	EndGlobalSection
EndGlobal
